
Microsoft Visual Studio Solution File, Format Version 12.00
# Visual Studio 2013
VisualStudioVersion = 12.0.30723.0
MinimumVisualStudioVersion = 10.0.40219.1
Project("{FAE04EC0-301F-11D3-BF4B-00C04F79EFBC}") = "ATIWebClient", "WebClient\ATIWebClient.csproj", "{A51B722D-C2FE-4734-90F8-B02B0A69BC5F}"
EndProject
Project("{FAE04EC0-301F-11D3-BF4B-00C04F79EFBC}") = "DataAccessLayer", "DataAccessLayer\DataAccessLayer.csproj", "{7BA19A0E-977D-404E-BE29-9DA0963729D2}"
EndProject
Project("{FAE04EC0-301F-11D3-BF4B-00C04F79EFBC}") = "WebClient.Resource", "WebClient.Resource\WebClient.Resource.csproj", "{E3885DD5-A956-4AFE-893B-CAA4B4F2B977}"
EndProject
Global
	GlobalSection(SolutionConfigurationPlatforms) = preSolution
		Debug|Any CPU = Debug|Any CPU
		Release|Any CPU = Release|Any CPU
	EndGlobalSection
	GlobalSection(ProjectConfigurationPlatforms) = postSolution
		{A51B722D-C2FE-4734-90F8-B02B0A69BC5F}.Debug|Any CPU.ActiveCfg = Debug|Any CPU
		{A51B722D-C2FE-4734-90F8-B02B0A69BC5F}.Debug|Any CPU.Build.0 = Debug|Any CPU
		{A51B722D-C2FE-4734-90F8-B02B0A69BC5F}.Release|Any CPU.ActiveCfg = Release|Any CPU
		{A51B722D-C2FE-4734-90F8-B02B0A69BC5F}.Release|Any CPU.Build.0 = Release|Any CPU
		{7BA19A0E-977D-404E-BE29-9DA0963729D2}.Debug|Any CPU.ActiveCfg = Debug|Any CPU
		{7BA19A0E-977D-404E-BE29-9DA0963729D2}.Debug|Any CPU.Build.0 = Debug|Any CPU
		{7BA19A0E-977D-404E-BE29-9DA0963729D2}.Release|Any CPU.ActiveCfg = Release|Any CPU
		{7BA19A0E-977D-404E-BE29-9DA0963729D2}.Release|Any CPU.Build.0 = Release|Any CPU
		{E3885DD5-A956-4AFE-893B-CAA4B4F2B977}.Debug|Any CPU.ActiveCfg = Debug|Any CPU
		{E3885DD5-A956-4AFE-893B-CAA4B4F2B977}.Debug|Any CPU.Build.0 = Debug|Any CPU
		{E3885DD5-A956-4AFE-893B-CAA4B4F2B977}.Release|Any CPU.ActiveCfg = Release|Any CPU
		{E3885DD5-A956-4AFE-893B-CAA4B4F2B977}.Release|Any CPU.Build.0 = Release|Any CPU
	EndGlobalSection
	GlobalSection(SolutionProperties) = preSolution
		HideSolutionNode = FALSE
	EndGlobalSection
EndGlobal
